// !$*UTF8*$!
{
	archiveVersion = 1;
	classes = {
	};
	objectVersion = 56;
	objects = {

/* Begin PBXBuildFile section */
		8E55AE012C887D9A00360DA4 /* TodoAppApp.swift in Sources */ = {isa = PBXBuildFile; fileRef = 8E55AE002C887D9A00360DA4 /* TodoAppApp.swift */; };
		8E55AE052C887D9C00360DA4 /* Assets.xcassets in Resources */ = {isa = PBXBuildFile; fileRef = 8E55AE042C887D9C00360DA4 /* Assets.xcassets */; };
		8E55AE082C887D9C00360DA4 /* Preview Assets.xcassets in Resources */ = {isa = PBXBuildFile; fileRef = 8E55AE072C887D9C00360DA4 /* Preview Assets.xcassets */; };
		8E55AE0F2C887E5700360DA4 /* GoogleService-Info.plist in Resources */ = {isa = PBXBuildFile; fileRef = 8E55AE0E2C887E5700360DA4 /* GoogleService-Info.plist */; };
		8E55AE122C887EC100360DA4 /* FirebaseAnalytics in Frameworks */ = {isa = PBXBuildFile; productRef = 8E55AE112C887EC100360DA4 /* FirebaseAnalytics */; };
		8E55AE142C887EC100360DA4 /* FirebaseAnalyticsOnDeviceConversion in Frameworks */ = {isa = PBXBuildFile; productRef = 8E55AE132C887EC100360DA4 /* FirebaseAnalyticsOnDeviceConversion */; };
		8E55AE162C887EC100360DA4 /* FirebaseAnalyticsWithoutAdIdSupport in Frameworks */ = {isa = PBXBuildFile; productRef = 8E55AE152C887EC100360DA4 /* FirebaseAnalyticsWithoutAdIdSupport */; };
		8E55AE182C887EC100360DA4 /* FirebaseAppCheck in Frameworks */ = {isa = PBXBuildFile; productRef = 8E55AE172C887EC100360DA4 /* FirebaseAppCheck */; };
		8E55AE1A2C887EC100360DA4 /* FirebaseAppDistribution-Beta in Frameworks */ = {isa = PBXBuildFile; productRef = 8E55AE192C887EC100360DA4 /* FirebaseAppDistribution-Beta */; };
		8E55AE1C2C887EC100360DA4 /* FirebaseAuth in Frameworks */ = {isa = PBXBuildFile; productRef = 8E55AE1B2C887EC100360DA4 /* FirebaseAuth */; };
		8E55AE1E2C887EC100360DA4 /* FirebaseAuthCombine-Community in Frameworks */ = {isa = PBXBuildFile; productRef = 8E55AE1D2C887EC100360DA4 /* FirebaseAuthCombine-Community */; };
		8E55AE202C887EC100360DA4 /* FirebaseCrashlytics in Frameworks */ = {isa = PBXBuildFile; productRef = 8E55AE1F2C887EC100360DA4 /* FirebaseCrashlytics */; };
		8E55AE222C887EC100360DA4 /* FirebaseDatabase in Frameworks */ = {isa = PBXBuildFile; productRef = 8E55AE212C887EC100360DA4 /* FirebaseDatabase */; };
		8E55AE242C887EC100360DA4 /* FirebaseDynamicLinks in Frameworks */ = {isa = PBXBuildFile; productRef = 8E55AE232C887EC100360DA4 /* FirebaseDynamicLinks */; };
		8E55AE262C887EC100360DA4 /* FirebaseFirestore in Frameworks */ = {isa = PBXBuildFile; productRef = 8E55AE252C887EC100360DA4 /* FirebaseFirestore */; };
		8E55AE282C887EC100360DA4 /* FirebaseFirestoreCombine-Community in Frameworks */ = {isa = PBXBuildFile; productRef = 8E55AE272C887EC100360DA4 /* FirebaseFirestoreCombine-Community */; };
		8E55AE2A2C887EC100360DA4 /* FirebaseFunctions in Frameworks */ = {isa = PBXBuildFile; productRef = 8E55AE292C887EC100360DA4 /* FirebaseFunctions */; };
		8E55AE2C2C887EC100360DA4 /* FirebaseFunctionsCombine-Community in Frameworks */ = {isa = PBXBuildFile; productRef = 8E55AE2B2C887EC100360DA4 /* FirebaseFunctionsCombine-Community */; };
		8E55AE2E2C887EC100360DA4 /* FirebaseInAppMessaging-Beta in Frameworks */ = {isa = PBXBuildFile; productRef = 8E55AE2D2C887EC100360DA4 /* FirebaseInAppMessaging-Beta */; };
		8E55AE302C887EC100360DA4 /* FirebaseInstallations in Frameworks */ = {isa = PBXBuildFile; productRef = 8E55AE2F2C887EC100360DA4 /* FirebaseInstallations */; };
		8E55AE322C887EC100360DA4 /* FirebaseMLModelDownloader in Frameworks */ = {isa = PBXBuildFile; productRef = 8E55AE312C887EC100360DA4 /* FirebaseMLModelDownloader */; };
		8E55AE342C887EC100360DA4 /* FirebaseMessaging in Frameworks */ = {isa = PBXBuildFile; productRef = 8E55AE332C887EC100360DA4 /* FirebaseMessaging */; };
		8E55AE362C887EC100360DA4 /* FirebasePerformance in Frameworks */ = {isa = PBXBuildFile; productRef = 8E55AE352C887EC100360DA4 /* FirebasePerformance */; };
		8E55AE382C887EC100360DA4 /* FirebaseRemoteConfig in Frameworks */ = {isa = PBXBuildFile; productRef = 8E55AE372C887EC100360DA4 /* FirebaseRemoteConfig */; };
		8E55AE3A2C887EC100360DA4 /* FirebaseStorage in Frameworks */ = {isa = PBXBuildFile; productRef = 8E55AE392C887EC100360DA4 /* FirebaseStorage */; };
		8E55AE3C2C887EC100360DA4 /* FirebaseStorageCombine-Community in Frameworks */ = {isa = PBXBuildFile; productRef = 8E55AE3B2C887EC100360DA4 /* FirebaseStorageCombine-Community */; };
		8E55AE3E2C887EC100360DA4 /* FirebaseVertexAI-Preview in Frameworks */ = {isa = PBXBuildFile; productRef = 8E55AE3D2C887EC100360DA4 /* FirebaseVertexAI-Preview */; };
		8E55AE402C88803200360DA4 /* MainView.swift in Sources */ = {isa = PBXBuildFile; fileRef = 8E55AE3F2C88803200360DA4 /* MainView.swift */; };
		8E55AE442C8880A300360DA4 /* TodoListItemView.swift in Sources */ = {isa = PBXBuildFile; fileRef = 8E55AE432C8880A300360DA4 /* TodoListItemView.swift */; };
		8E55AE462C8880BB00360DA4 /* TodoListView.swift in Sources */ = {isa = PBXBuildFile; fileRef = 8E55AE452C8880BB00360DA4 /* TodoListView.swift */; };
		8E55AE482C8880C900360DA4 /* RegisterView.swift in Sources */ = {isa = PBXBuildFile; fileRef = 8E55AE472C8880C900360DA4 /* RegisterView.swift */; };
		8E55AE4A2C8880D200360DA4 /* LoginView.swift in Sources */ = {isa = PBXBuildFile; fileRef = 8E55AE492C8880D200360DA4 /* LoginView.swift */; };
		8E55AE4C2C8880E800360DA4 /* NewItemView.swift in Sources */ = {isa = PBXBuildFile; fileRef = 8E55AE4B2C8880E800360DA4 /* NewItemView.swift */; };
		8E55AE4E2C8880F900360DA4 /* ProfileView.swift in Sources */ = {isa = PBXBuildFile; fileRef = 8E55AE4D2C8880F900360DA4 /* ProfileView.swift */; };
		8E55AE522C88815D00360DA4 /* TodoListViewViewModel.swift in Sources */ = {isa = PBXBuildFile; fileRef = 8E55AE512C88815D00360DA4 /* TodoListViewViewModel.swift */; };
		8E55AE542C88817500360DA4 /* TodoListItemViewViewModel.swift in Sources */ = {isa = PBXBuildFile; fileRef = 8E55AE532C88817500360DA4 /* TodoListItemViewViewModel.swift */; };
		8E55AE562C88818800360DA4 /* RegisterViewViewModel.swift in Sources */ = {isa = PBXBuildFile; fileRef = 8E55AE552C88818800360DA4 /* RegisterViewViewModel.swift */; };
		8E55AE582C88819800360DA4 /* ProfileViewViewModel.swift in Sources */ = {isa = PBXBuildFile; fileRef = 8E55AE572C88819800360DA4 /* ProfileViewViewModel.swift */; };
		8E55AE5A2C8881AC00360DA4 /* NewItemViewViewModel.swift in Sources */ = {isa = PBXBuildFile; fileRef = 8E55AE592C8881AC00360DA4 /* NewItemViewViewModel.swift */; };
		8E55AE5C2C8881B800360DA4 /* MainViewViewModel.swift in Sources */ = {isa = PBXBuildFile; fileRef = 8E55AE5B2C8881B800360DA4 /* MainViewViewModel.swift */; };
		8E55AE5E2C8881D000360DA4 /* LoginViewViewModel.swift in Sources */ = {isa = PBXBuildFile; fileRef = 8E55AE5D2C8881D000360DA4 /* LoginViewViewModel.swift */; };
		8E55AE602C88824600360DA4 /* User.swift in Sources */ = {isa = PBXBuildFile; fileRef = 8E55AE5F2C88824600360DA4 /* User.swift */; };
		8E55AE622C88825800360DA4 /* TodoListItem.swift in Sources */ = {isa = PBXBuildFile; fileRef = 8E55AE612C88825800360DA4 /* TodoListItem.swift */; };
/* End PBXBuildFile section */

/* Begin PBXFileReference section */
		8E55ADFD2C887D9A00360DA4 /* TodoApp.app */ = {isa = PBXFileReference; explicitFileType = wrapper.application; includeInIndex = 0; path = TodoApp.app; sourceTree = BUILT_PRODUCTS_DIR; };
		8E55AE002C887D9A00360DA4 /* TodoAppApp.swift */ = {isa = PBXFileReference; lastKnownFileType = sourcecode.swift; path = TodoAppApp.swift; sourceTree = "<group>"; };
		8E55AE042C887D9C00360DA4 /* Assets.xcassets */ = {isa = PBXFileReference; lastKnownFileType = folder.assetcatalog; path = Assets.xcassets; sourceTree = "<group>"; };
		8E55AE072C887D9C00360DA4 /* Preview Assets.xcassets */ = {isa = PBXFileReference; lastKnownFileType = folder.assetcatalog; path = "Preview Assets.xcassets"; sourceTree = "<group>"; };
		8E55AE0E2C887E5700360DA4 /* GoogleService-Info.plist */ = {isa = PBXFileReference; fileEncoding = 4; lastKnownFileType = text.plist.xml; path = "GoogleService-Info.plist"; sourceTree = "<group>"; };
		8E55AE3F2C88803200360DA4 /* MainView.swift */ = {isa = PBXFileReference; lastKnownFileType = sourcecode.swift; path = MainView.swift; sourceTree = "<group>"; };
		8E55AE432C8880A300360DA4 /* TodoListItemView.swift */ = {isa = PBXFileReference; lastKnownFileType = sourcecode.swift; path = TodoListItemView.swift; sourceTree = "<group>"; };
		8E55AE452C8880BB00360DA4 /* TodoListView.swift */ = {isa = PBXFileReference; lastKnownFileType = sourcecode.swift; path = TodoListView.swift; sourceTree = "<group>"; };
		8E55AE472C8880C900360DA4 /* RegisterView.swift */ = {isa = PBXFileReference; lastKnownFileType = sourcecode.swift; path = RegisterView.swift; sourceTree = "<group>"; };
		8E55AE492C8880D200360DA4 /* LoginView.swift */ = {isa = PBXFileReference; lastKnownFileType = sourcecode.swift; path = LoginView.swift; sourceTree = "<group>"; };
		8E55AE4B2C8880E800360DA4 /* NewItemView.swift */ = {isa = PBXFileReference; lastKnownFileType = sourcecode.swift; path = NewItemView.swift; sourceTree = "<group>"; };
		8E55AE4D2C8880F900360DA4 /* ProfileView.swift */ = {isa = PBXFileReference; lastKnownFileType = sourcecode.swift; path = ProfileView.swift; sourceTree = "<group>"; };
		8E55AE512C88815D00360DA4 /* TodoListViewViewModel.swift */ = {isa = PBXFileReference; lastKnownFileType = sourcecode.swift; path = TodoListViewViewModel.swift; sourceTree = "<group>"; };
		8E55AE532C88817500360DA4 /* TodoListItemViewViewModel.swift */ = {isa = PBXFileReference; lastKnownFileType = sourcecode.swift; path = TodoListItemViewViewModel.swift; sourceTree = "<group>"; };
		8E55AE552C88818800360DA4 /* RegisterViewViewModel.swift */ = {isa = PBXFileReference; lastKnownFileType = sourcecode.swift; path = RegisterViewViewModel.swift; sourceTree = "<group>"; };
		8E55AE572C88819800360DA4 /* ProfileViewViewModel.swift */ = {isa = PBXFileReference; lastKnownFileType = sourcecode.swift; path = ProfileViewViewModel.swift; sourceTree = "<group>"; };
		8E55AE592C8881AC00360DA4 /* NewItemViewViewModel.swift */ = {isa = PBXFileReference; lastKnownFileType = sourcecode.swift; path = NewItemViewViewModel.swift; sourceTree = "<group>"; };
		8E55AE5B2C8881B800360DA4 /* MainViewViewModel.swift */ = {isa = PBXFileReference; lastKnownFileType = sourcecode.swift; path = MainViewViewModel.swift; sourceTree = "<group>"; };
		8E55AE5D2C8881D000360DA4 /* LoginViewViewModel.swift */ = {isa = PBXFileReference; lastKnownFileType = sourcecode.swift; path = LoginViewViewModel.swift; sourceTree = "<group>"; };
		8E55AE5F2C88824600360DA4 /* User.swift */ = {isa = PBXFileReference; lastKnownFileType = sourcecode.swift; path = User.swift; sourceTree = "<group>"; };
		8E55AE612C88825800360DA4 /* TodoListItem.swift */ = {isa = PBXFileReference; lastKnownFileType = sourcecode.swift; path = TodoListItem.swift; sourceTree = "<group>"; };
/* End PBXFileReference section */

/* Begin PBXFrameworksBuildPhase section */
		8E55ADFA2C887D9A00360DA4 /* Frameworks */ = {
			isa = PBXFrameworksBuildPhase;
			buildActionMask = 2147483647;
			files = (
				8E55AE3C2C887EC100360DA4 /* FirebaseStorageCombine-Community in Frameworks */,
				8E55AE342C887EC100360DA4 /* FirebaseMessaging in Frameworks */,
				8E55AE322C887EC100360DA4 /* FirebaseMLModelDownloader in Frameworks */,
				8E55AE182C887EC100360DA4 /* FirebaseAppCheck in Frameworks */,
				8E55AE1C2C887EC100360DA4 /* FirebaseAuth in Frameworks */,
				8E55AE122C887EC100360DA4 /* FirebaseAnalytics in Frameworks */,
				8E55AE1A2C887EC100360DA4 /* FirebaseAppDistribution-Beta in Frameworks */,
				8E55AE162C887EC100360DA4 /* FirebaseAnalyticsWithoutAdIdSupport in Frameworks */,
				8E55AE202C887EC100360DA4 /* FirebaseCrashlytics in Frameworks */,
				8E55AE222C887EC100360DA4 /* FirebaseDatabase in Frameworks */,
				8E55AE2C2C887EC100360DA4 /* FirebaseFunctionsCombine-Community in Frameworks */,
				8E55AE1E2C887EC100360DA4 /* FirebaseAuthCombine-Community in Frameworks */,
				8E55AE3A2C887EC100360DA4 /* FirebaseStorage in Frameworks */,
				8E55AE142C887EC100360DA4 /* FirebaseAnalyticsOnDeviceConversion in Frameworks */,
				8E55AE2A2C887EC100360DA4 /* FirebaseFunctions in Frameworks */,
				8E55AE302C887EC100360DA4 /* FirebaseInstallations in Frameworks */,
				8E55AE362C887EC100360DA4 /* FirebasePerformance in Frameworks */,
				8E55AE282C887EC100360DA4 /* FirebaseFirestoreCombine-Community in Frameworks */,
				8E55AE262C887EC100360DA4 /* FirebaseFirestore in Frameworks */,
				8E55AE242C887EC100360DA4 /* FirebaseDynamicLinks in Frameworks */,
				8E55AE2E2C887EC100360DA4 /* FirebaseInAppMessaging-Beta in Frameworks */,
				8E55AE3E2C887EC100360DA4 /* FirebaseVertexAI-Preview in Frameworks */,
				8E55AE382C887EC100360DA4 /* FirebaseRemoteConfig in Frameworks */,
			);
			runOnlyForDeploymentPostprocessing = 0;
		};
/* End PBXFrameworksBuildPhase section */

/* Begin PBXGroup section */
		8E55ADF42C887D9A00360DA4 = {
			isa = PBXGroup;
			children = (
				8E55ADFF2C887D9A00360DA4 /* TodoApp */,
				8E55ADFE2C887D9A00360DA4 /* Products */,
			);
			sourceTree = "<group>";
		};
		8E55ADFE2C887D9A00360DA4 /* Products */ = {
			isa = PBXGroup;
			children = (
				8E55ADFD2C887D9A00360DA4 /* TodoApp.app */,
			);
			name = Products;
			sourceTree = "<group>";
		};
		8E55ADFF2C887D9A00360DA4 /* TodoApp */ = {
			isa = PBXGroup;
			children = (
				8E55AE502C88813400360DA4 /* Models */,
				8E55AE4F2C88810C00360DA4 /* ViewModels */,
				8E55AE422C88807100360DA4 /* Views */,
				8E55AE412C88806100360DA4 /* Other */,
				8E55AE062C887D9C00360DA4 /* Preview Content */,
			);
			path = TodoApp;
			sourceTree = "<group>";
		};
		8E55AE062C887D9C00360DA4 /* Preview Content */ = {
			isa = PBXGroup;
			children = (
				8E55AE072C887D9C00360DA4 /* Preview Assets.xcassets */,
			);
			path = "Preview Content";
			sourceTree = "<group>";
		};
		8E55AE412C88806100360DA4 /* Other */ = {
			isa = PBXGroup;
			children = (
				8E55AE002C887D9A00360DA4 /* TodoAppApp.swift */,
				8E55AE042C887D9C00360DA4 /* Assets.xcassets */,
				8E55AE0E2C887E5700360DA4 /* GoogleService-Info.plist */,
			);
			path = Other;
			sourceTree = "<group>";
		};
		8E55AE422C88807100360DA4 /* Views */ = {
			isa = PBXGroup;
			children = (
				8E55AE492C8880D200360DA4 /* LoginView.swift */,
				8E55AE472C8880C900360DA4 /* RegisterView.swift */,
				8E55AE3F2C88803200360DA4 /* MainView.swift */,
				8E55AE4D2C8880F900360DA4 /* ProfileView.swift */,
				8E55AE4B2C8880E800360DA4 /* NewItemView.swift */,
				8E55AE452C8880BB00360DA4 /* TodoListView.swift */,
				8E55AE432C8880A300360DA4 /* TodoListItemView.swift */,
			);
			path = Views;
			sourceTree = "<group>";
		};
		8E55AE4F2C88810C00360DA4 /* ViewModels */ = {
			isa = PBXGroup;
			children = (
				8E55AE5D2C8881D000360DA4 /* LoginViewViewModel.swift */,
				8E55AE552C88818800360DA4 /* RegisterViewViewModel.swift */,
				8E55AE5B2C8881B800360DA4 /* MainViewViewModel.swift */,
				8E55AE572C88819800360DA4 /* ProfileViewViewModel.swift */,
				8E55AE592C8881AC00360DA4 /* NewItemViewViewModel.swift */,
				8E55AE512C88815D00360DA4 /* TodoListViewViewModel.swift */,
				8E55AE532C88817500360DA4 /* TodoListItemViewViewModel.swift */,
			);
			path = ViewModels;
			sourceTree = "<group>";
		};
		8E55AE502C88813400360DA4 /* Models */ = {
			isa = PBXGroup;
			children = (
				8E55AE5F2C88824600360DA4 /* User.swift */,
				8E55AE612C88825800360DA4 /* TodoListItem.swift */,
			);
			path = Models;
			sourceTree = "<group>";
		};
/* End PBXGroup section */

/* Begin PBXNativeTarget section */
		8E55ADFC2C887D9A00360DA4 /* TodoApp */ = {
			isa = PBXNativeTarget;
			buildConfigurationList = 8E55AE0B2C887D9C00360DA4 /* Build configuration list for PBXNativeTarget "TodoApp" */;
			buildPhases = (
				8E55ADF92C887D9A00360DA4 /* Sources */,
				8E55ADFA2C887D9A00360DA4 /* Frameworks */,
				8E55ADFB2C887D9A00360DA4 /* Resources */,
			);
			buildRules = (
			);
			dependencies = (
			);
			name = TodoApp;
			packageProductDependencies = (
				8E55AE112C887EC100360DA4 /* FirebaseAnalytics */,
				8E55AE132C887EC100360DA4 /* FirebaseAnalyticsOnDeviceConversion */,
				8E55AE152C887EC100360DA4 /* FirebaseAnalyticsWithoutAdIdSupport */,
				8E55AE172C887EC100360DA4 /* FirebaseAppCheck */,
				8E55AE192C887EC100360DA4 /* FirebaseAppDistribution-Beta */,
				8E55AE1B2C887EC100360DA4 /* FirebaseAuth */,
				8E55AE1D2C887EC100360DA4 /* FirebaseAuthCombine-Community */,
				8E55AE1F2C887EC100360DA4 /* FirebaseCrashlytics */,
				8E55AE212C887EC100360DA4 /* FirebaseDatabase */,
				8E55AE232C887EC100360DA4 /* FirebaseDynamicLinks */,
				8E55AE252C887EC100360DA4 /* FirebaseFirestore */,
				8E55AE272C887EC100360DA4 /* FirebaseFirestoreCombine-Community */,
				8E55AE292C887EC100360DA4 /* FirebaseFunctions */,
				8E55AE2B2C887EC100360DA4 /* FirebaseFunctionsCombine-Community */,
				8E55AE2D2C887EC100360DA4 /* FirebaseInAppMessaging-Beta */,
				8E55AE2F2C887EC100360DA4 /* FirebaseInstallations */,
				8E55AE312C887EC100360DA4 /* FirebaseMLModelDownloader */,
				8E55AE332C887EC100360DA4 /* FirebaseMessaging */,
				8E55AE352C887EC100360DA4 /* FirebasePerformance */,
				8E55AE372C887EC100360DA4 /* FirebaseRemoteConfig */,
				8E55AE392C887EC100360DA4 /* FirebaseStorage */,
				8E55AE3B2C887EC100360DA4 /* FirebaseStorageCombine-Community */,
				8E55AE3D2C887EC100360DA4 /* FirebaseVertexAI-Preview */,
			);
			productName = TodoApp;
			productReference = 8E55ADFD2C887D9A00360DA4 /* TodoApp.app */;
			productType = "com.apple.product-type.application";
		};
/* End PBXNativeTarget section */

/* Begin PBXProject section */
		8E55ADF52C887D9A00360DA4 /* Project object */ = {
			isa = PBXProject;
			attributes = {
				BuildIndependentTargetsInParallel = 1;
				LastSwiftUpdateCheck = 1540;
				LastUpgradeCheck = 1540;
				TargetAttributes = {
					8E55ADFC2C887D9A00360DA4 = {
						CreatedOnToolsVersion = 15.4;
					};
				};
			};
			buildConfigurationList = 8E55ADF82C887D9A00360DA4 /* Build configuration list for PBXProject "TodoApp" */;
			compatibilityVersion = "Xcode 14.0";
			developmentRegion = en;
			hasScannedForEncodings = 0;
			knownRegions = (
				en,
				Base,
			);
			mainGroup = 8E55ADF42C887D9A00360DA4;
			packageReferences = (
				8E55AE102C887EC100360DA4 /* XCRemoteSwiftPackageReference "firebase-ios-sdk" */,
			);
			productRefGroup = 8E55ADFE2C887D9A00360DA4 /* Products */;
			projectDirPath = "";
			projectRoot = "";
			targets = (
				8E55ADFC2C887D9A00360DA4 /* TodoApp */,
			);
		};
/* End PBXProject section */

/* Begin PBXResourcesBuildPhase section */
		8E55ADFB2C887D9A00360DA4 /* Resources */ = {
			isa = PBXResourcesBuildPhase;
			buildActionMask = 2147483647;
			files = (
				8E55AE082C887D9C00360DA4 /* Preview Assets.xcassets in Resources */,
				8E55AE052C887D9C00360DA4 /* Assets.xcassets in Resources */,
				8E55AE0F2C887E5700360DA4 /* GoogleService-Info.plist in Resources */,
			);
			runOnlyForDeploymentPostprocessing = 0;
		};
/* End PBXResourcesBuildPhase section */

/* Begin PBXSourcesBuildPhase section */
		8E55ADF92C887D9A00360DA4 /* Sources */ = {
			isa = PBXSourcesBuildPhase;
			buildActionMask = 2147483647;
			files = (
				8E55AE622C88825800360DA4 /* TodoListItem.swift in Sources */,
				8E55AE562C88818800360DA4 /* RegisterViewViewModel.swift in Sources */,
				8E55AE542C88817500360DA4 /* TodoListItemViewViewModel.swift in Sources */,
				8E55AE5C2C8881B800360DA4 /* MainViewViewModel.swift in Sources */,
				8E55AE522C88815D00360DA4 /* TodoListViewViewModel.swift in Sources */,
				8E55AE602C88824600360DA4 /* User.swift in Sources */,
				8E55AE5A2C8881AC00360DA4 /* NewItemViewViewModel.swift in Sources */,
				8E55AE4E2C8880F900360DA4 /* ProfileView.swift in Sources */,
				8E55AE4A2C8880D200360DA4 /* LoginView.swift in Sources */,
				8E55AE582C88819800360DA4 /* ProfileViewViewModel.swift in Sources */,
				8E55AE442C8880A300360DA4 /* TodoListItemView.swift in Sources */,
				8E55AE4C2C8880E800360DA4 /* NewItemView.swift in Sources */,
				8E55AE5E2C8881D000360DA4 /* LoginViewViewModel.swift in Sources */,
				8E55AE482C8880C900360DA4 /* RegisterView.swift in Sources */,
				8E55AE012C887D9A00360DA4 /* TodoAppApp.swift in Sources */,
				8E55AE462C8880BB00360DA4 /* TodoListView.swift in Sources */,
				8E55AE402C88803200360DA4 /* MainView.swift in Sources */,
			);
			runOnlyForDeploymentPostprocessing = 0;
		};
/* End PBXSourcesBuildPhase section */

/* Begin XCBuildConfiguration section */
		8E55AE092C887D9C00360DA4 /* Debug */ = {
			isa = XCBuildConfiguration;
			buildSettings = {
				ALWAYS_SEARCH_USER_PATHS = NO;
				ASSETCATALOG_COMPILER_GENERATE_SWIFT_ASSET_SYMBOL_EXTENSIONS = YES;
				CLANG_ANALYZER_NONNULL = YES;
				CLANG_ANALYZER_NUMBER_OBJECT_CONVERSION = YES_AGGRESSIVE;
				CLANG_CXX_LANGUAGE_STANDARD = "gnu++20";
				CLANG_ENABLE_MODULES = YES;
				CLANG_ENABLE_OBJC_ARC = YES;
				CLANG_ENABLE_OBJC_WEAK = YES;
				CLANG_WARN_BLOCK_CAPTURE_AUTORELEASING = YES;
				CLANG_WARN_BOOL_CONVERSION = YES;
				CLANG_WARN_COMMA = YES;
				CLANG_WARN_CONSTANT_CONVERSION = YES;
				CLANG_WARN_DEPRECATED_OBJC_IMPLEMENTATIONS = YES;
				CLANG_WARN_DIRECT_OBJC_ISA_USAGE = YES_ERROR;
				CLANG_WARN_DOCUMENTATION_COMMENTS = YES;
				CLANG_WARN_EMPTY_BODY = YES;
				CLANG_WARN_ENUM_CONVERSION = YES;
				CLANG_WARN_INFINITE_RECURSION = YES;
				CLANG_WARN_INT_CONVERSION = YES;
				CLANG_WARN_NON_LITERAL_NULL_CONVERSION = YES;
				CLANG_WARN_OBJC_IMPLICIT_RETAIN_SELF = YES;
				CLANG_WARN_OBJC_LITERAL_CONVERSION = YES;
				CLANG_WARN_OBJC_ROOT_CLASS = YES_ERROR;
				CLANG_WARN_QUOTED_INCLUDE_IN_FRAMEWORK_HEADER = YES;
				CLANG_WARN_RANGE_LOOP_ANALYSIS = YES;
				CLANG_WARN_STRICT_PROTOTYPES = YES;
				CLANG_WARN_SUSPICIOUS_MOVE = YES;
				CLANG_WARN_UNGUARDED_AVAILABILITY = YES_AGGRESSIVE;
				CLANG_WARN_UNREACHABLE_CODE = YES;
				CLANG_WARN__DUPLICATE_METHOD_MATCH = YES;
				COPY_PHASE_STRIP = NO;
				DEBUG_INFORMATION_FORMAT = dwarf;
				ENABLE_STRICT_OBJC_MSGSEND = YES;
				ENABLE_TESTABILITY = YES;
				ENABLE_USER_SCRIPT_SANDBOXING = YES;
				GCC_C_LANGUAGE_STANDARD = gnu17;
				GCC_DYNAMIC_NO_PIC = NO;
				GCC_NO_COMMON_BLOCKS = YES;
				GCC_OPTIMIZATION_LEVEL = 0;
				GCC_PREPROCESSOR_DEFINITIONS = (
					"DEBUG=1",
					"$(inherited)",
				);
				GCC_WARN_64_TO_32_BIT_CONVERSION = YES;
				GCC_WARN_ABOUT_RETURN_TYPE = YES_ERROR;
				GCC_WARN_UNDECLARED_SELECTOR = YES;
				GCC_WARN_UNINITIALIZED_AUTOS = YES_AGGRESSIVE;
				GCC_WARN_UNUSED_FUNCTION = YES;
				GCC_WARN_UNUSED_VARIABLE = YES;
				IPHONEOS_DEPLOYMENT_TARGET = 17.5;
				LOCALIZATION_PREFERS_STRING_CATALOGS = YES;
				MTL_ENABLE_DEBUG_INFO = INCLUDE_SOURCE;
				MTL_FAST_MATH = YES;
				ONLY_ACTIVE_ARCH = YES;
				SDKROOT = iphoneos;
				SWIFT_ACTIVE_COMPILATION_CONDITIONS = "DEBUG $(inherited)";
				SWIFT_OPTIMIZATION_LEVEL = "-Onone";
			};
			name = Debug;
		};
		8E55AE0A2C887D9C00360DA4 /* Release */ = {
			isa = XCBuildConfiguration;
			buildSettings = {
				ALWAYS_SEARCH_USER_PATHS = NO;
				ASSETCATALOG_COMPILER_GENERATE_SWIFT_ASSET_SYMBOL_EXTENSIONS = YES;
				CLANG_ANALYZER_NONNULL = YES;
				CLANG_ANALYZER_NUMBER_OBJECT_CONVERSION = YES_AGGRESSIVE;
				CLANG_CXX_LANGUAGE_STANDARD = "gnu++20";
				CLANG_ENABLE_MODULES = YES;
				CLANG_ENABLE_OBJC_ARC = YES;
				CLANG_ENABLE_OBJC_WEAK = YES;
				CLANG_WARN_BLOCK_CAPTURE_AUTORELEASING = YES;
				CLANG_WARN_BOOL_CONVERSION = YES;
				CLANG_WARN_COMMA = YES;
				CLANG_WARN_CONSTANT_CONVERSION = YES;
				CLANG_WARN_DEPRECATED_OBJC_IMPLEMENTATIONS = YES;
				CLANG_WARN_DIRECT_OBJC_ISA_USAGE = YES_ERROR;
				CLANG_WARN_DOCUMENTATION_COMMENTS = YES;
				CLANG_WARN_EMPTY_BODY = YES;
				CLANG_WARN_ENUM_CONVERSION = YES;
				CLANG_WARN_INFINITE_RECURSION = YES;
				CLANG_WARN_INT_CONVERSION = YES;
				CLANG_WARN_NON_LITERAL_NULL_CONVERSION = YES;
				CLANG_WARN_OBJC_IMPLICIT_RETAIN_SELF = YES;
				CLANG_WARN_OBJC_LITERAL_CONVERSION = YES;
				CLANG_WARN_OBJC_ROOT_CLASS = YES_ERROR;
				CLANG_WARN_QUOTED_INCLUDE_IN_FRAMEWORK_HEADER = YES;
				CLANG_WARN_RANGE_LOOP_ANALYSIS = YES;
				CLANG_WARN_STRICT_PROTOTYPES = YES;
				CLANG_WARN_SUSPICIOUS_MOVE = YES;
				CLANG_WARN_UNGUARDED_AVAILABILITY = YES_AGGRESSIVE;
				CLANG_WARN_UNREACHABLE_CODE = YES;
				CLANG_WARN__DUPLICATE_METHOD_MATCH = YES;
				COPY_PHASE_STRIP = NO;
				DEBUG_INFORMATION_FORMAT = "dwarf-with-dsym";
				ENABLE_NS_ASSERTIONS = NO;
				ENABLE_STRICT_OBJC_MSGSEND = YES;
				ENABLE_USER_SCRIPT_SANDBOXING = YES;
				GCC_C_LANGUAGE_STANDARD = gnu17;
				GCC_NO_COMMON_BLOCKS = YES;
				GCC_WARN_64_TO_32_BIT_CONVERSION = YES;
				GCC_WARN_ABOUT_RETURN_TYPE = YES_ERROR;
				GCC_WARN_UNDECLARED_SELECTOR = YES;
				GCC_WARN_UNINITIALIZED_AUTOS = YES_AGGRESSIVE;
				GCC_WARN_UNUSED_FUNCTION = YES;
				GCC_WARN_UNUSED_VARIABLE = YES;
				IPHONEOS_DEPLOYMENT_TARGET = 17.5;
				LOCALIZATION_PREFERS_STRING_CATALOGS = YES;
				MTL_ENABLE_DEBUG_INFO = NO;
				MTL_FAST_MATH = YES;
				SDKROOT = iphoneos;
				SWIFT_COMPILATION_MODE = wholemodule;
				VALIDATE_PRODUCT = YES;
			};
			name = Release;
		};
		8E55AE0C2C887D9C00360DA4 /* Debug */ = {
			isa = XCBuildConfiguration;
			buildSettings = {
				ASSETCATALOG_COMPILER_APPICON_NAME = AppIcon;
				ASSETCATALOG_COMPILER_GLOBAL_ACCENT_COLOR_NAME = AccentColor;
				CODE_SIGN_STYLE = Automatic;
				CURRENT_PROJECT_VERSION = 1;
				DEVELOPMENT_ASSET_PATHS = "\"TodoApp/Preview Content\"";
				DEVELOPMENT_TEAM = MT88NC37A3;
				ENABLE_PREVIEWS = YES;
				GENERATE_INFOPLIST_FILE = YES;
				INFOPLIST_KEY_CFBundleDisplayName = TodoApp;
				INFOPLIST_KEY_UIApplicationSceneManifest_Generation = YES;
				INFOPLIST_KEY_UIApplicationSupportsIndirectInputEvents = YES;
				INFOPLIST_KEY_UILaunchScreen_Generation = YES;
				INFOPLIST_KEY_UISupportedInterfaceOrientations = UIInterfaceOrientationPortrait;
				INFOPLIST_KEY_UISupportedInterfaceOrientations_iPad = "UIInterfaceOrientationLandscapeLeft UIInterfaceOrientationLandscapeRight UIInterfaceOrientationPortrait UIInterfaceOrientationPortraitUpsideDown";
				LD_RUNPATH_SEARCH_PATHS = (
					"$(inherited)",
					"@executable_path/Frameworks",
				);
				MARKETING_VERSION = 1.0;
				PRODUCT_BUNDLE_IDENTIFIER = com.olmezsesmustafa.TodoApp;
				PRODUCT_NAME = "$(TARGET_NAME)";
				SUPPORTED_PLATFORMS = "iphoneos iphonesimulator";
				SUPPORTS_MACCATALYST = NO;
				SUPPORTS_MAC_DESIGNED_FOR_IPHONE_IPAD = NO;
				SUPPORTS_XR_DESIGNED_FOR_IPHONE_IPAD = NO;
				SWIFT_EMIT_LOC_STRINGS = YES;
				SWIFT_VERSION = 5.0;
				TARGETED_DEVICE_FAMILY = 1;
			};
			name = Debug;
		};
		8E55AE0D2C887D9C00360DA4 /* Release */ = {
			isa = XCBuildConfiguration;
			buildSettings = {
				ASSETCATALOG_COMPILER_APPICON_NAME = AppIcon;
				ASSETCATALOG_COMPILER_GLOBAL_ACCENT_COLOR_NAME = AccentColor;
				CODE_SIGN_STYLE = Automatic;
				CURRENT_PROJECT_VERSION = 1;
				DEVELOPMENT_ASSET_PATHS = "\"TodoApp/Preview Content\"";
				DEVELOPMENT_TEAM = MT88NC37A3;
				ENABLE_PREVIEWS = YES;
				GENERATE_INFOPLIST_FILE = YES;
				INFOPLIST_KEY_CFBundleDisplayName = TodoApp;
				INFOPLIST_KEY_UIApplicationSceneManifest_Generation = YES;
				INFOPLIST_KEY_UIApplicationSupportsIndirectInputEvents = YES;
				INFOPLIST_KEY_UILaunchScreen_Generation = YES;
				INFOPLIST_KEY_UISupportedInterfaceOrientations = UIInterfaceOrientationPortrait;
				INFOPLIST_KEY_UISupportedInterfaceOrientations_iPad = "UIInterfaceOrientationLandscapeLeft UIInterfaceOrientationLandscapeRight UIInterfaceOrientationPortrait UIInterfaceOrientationPortraitUpsideDown";
				LD_RUNPATH_SEARCH_PATHS = (
					"$(inherited)",
					"@executable_path/Frameworks",
				);
				MARKETING_VERSION = 1.0;
				PRODUCT_BUNDLE_IDENTIFIER = com.olmezsesmustafa.TodoApp;
				PRODUCT_NAME = "$(TARGET_NAME)";
				SUPPORTED_PLATFORMS = "iphoneos iphonesimulator";
				SUPPORTS_MACCATALYST = NO;
				SUPPORTS_MAC_DESIGNED_FOR_IPHONE_IPAD = NO;
				SUPPORTS_XR_DESIGNED_FOR_IPHONE_IPAD = NO;
				SWIFT_EMIT_LOC_STRINGS = YES;
				SWIFT_VERSION = 5.0;
				TARGETED_DEVICE_FAMILY = 1;
			};
			name = Release;
		};
/* End XCBuildConfiguration section */

/* Begin XCConfigurationList section */
		8E55ADF82C887D9A00360DA4 /* Build configuration list for PBXProject "TodoApp" */ = {
			isa = XCConfigurationList;
			buildConfigurations = (
				8E55AE092C887D9C00360DA4 /* Debug */,
				8E55AE0A2C887D9C00360DA4 /* Release */,
			);
			defaultConfigurationIsVisible = 0;
			defaultConfigurationName = Release;
		};
		8E55AE0B2C887D9C00360DA4 /* Build configuration list for PBXNativeTarget "TodoApp" */ = {
			isa = XCConfigurationList;
			buildConfigurations = (
				8E55AE0C2C887D9C00360DA4 /* Debug */,
				8E55AE0D2C887D9C00360DA4 /* Release */,
			);
			defaultConfigurationIsVisible = 0;
			defaultConfigurationName = Release;
		};
/* End XCConfigurationList section */

/* Begin XCRemoteSwiftPackageReference section */
		8E55AE102C887EC100360DA4 /* XCRemoteSwiftPackageReference "firebase-ios-sdk" */ = {
			isa = XCRemoteSwiftPackageReference;
			repositoryURL = "https://github.com/firebase/firebase-ios-sdk";
			requirement = {
				kind = upToNextMajorVersion;
				minimumVersion = 11.1.0;
			};
		};
/* End XCRemoteSwiftPackageReference section */

/* Begin XCSwiftPackageProductDependency section */
		8E55AE112C887EC100360DA4 /* FirebaseAnalytics */ = {
			isa = XCSwiftPackageProductDependency;
			package = 8E55AE102C887EC100360DA4 /* XCRemoteSwiftPackageReference "firebase-ios-sdk" */;
			productName = FirebaseAnalytics;
		};
		8E55AE132C887EC100360DA4 /* FirebaseAnalyticsOnDeviceConversion */ = {
			isa = XCSwiftPackageProductDependency;
			package = 8E55AE102C887EC100360DA4 /* XCRemoteSwiftPackageReference "firebase-ios-sdk" */;
			productName = FirebaseAnalyticsOnDeviceConversion;
		};
		8E55AE152C887EC100360DA4 /* FirebaseAnalyticsWithoutAdIdSupport */ = {
			isa = XCSwiftPackageProductDependency;
			package = 8E55AE102C887EC100360DA4 /* XCRemoteSwiftPackageReference "firebase-ios-sdk" */;
			productName = FirebaseAnalyticsWithoutAdIdSupport;
		};
		8E55AE172C887EC100360DA4 /* FirebaseAppCheck */ = {
			isa = XCSwiftPackageProductDependency;
			package = 8E55AE102C887EC100360DA4 /* XCRemoteSwiftPackageReference "firebase-ios-sdk" */;
			productName = FirebaseAppCheck;
		};
		8E55AE192C887EC100360DA4 /* FirebaseAppDistribution-Beta */ = {
			isa = XCSwiftPackageProductDependency;
			package = 8E55AE102C887EC100360DA4 /* XCRemoteSwiftPackageReference "firebase-ios-sdk" */;
			productName = "FirebaseAppDistribution-Beta";
		};
		8E55AE1B2C887EC100360DA4 /* FirebaseAuth */ = {
			isa = XCSwiftPackageProductDependency;
			package = 8E55AE102C887EC100360DA4 /* XCRemoteSwiftPackageReference "firebase-ios-sdk" */;
			productName = FirebaseAuth;
		};
		8E55AE1D2C887EC100360DA4 /* FirebaseAuthCombine-Community */ = {
			isa = XCSwiftPackageProductDependency;
			package = 8E55AE102C887EC100360DA4 /* XCRemoteSwiftPackageReference "firebase-ios-sdk" */;
			productName = "FirebaseAuthCombine-Community";
		};
		8E55AE1F2C887EC100360DA4 /* FirebaseCrashlytics */ = {
			isa = XCSwiftPackageProductDependency;
			package = 8E55AE102C887EC100360DA4 /* XCRemoteSwiftPackageReference "firebase-ios-sdk" */;
			productName = FirebaseCrashlytics;
		};
		8E55AE212C887EC100360DA4 /* FirebaseDatabase */ = {
			isa = XCSwiftPackageProductDependency;
			package = 8E55AE102C887EC100360DA4 /* XCRemoteSwiftPackageReference "firebase-ios-sdk" */;
			productName = FirebaseDatabase;
		};
		8E55AE232C887EC100360DA4 /* FirebaseDynamicLinks */ = {
			isa = XCSwiftPackageProductDependency;
			package = 8E55AE102C887EC100360DA4 /* XCRemoteSwiftPackageReference "firebase-ios-sdk" */;
			productName = FirebaseDynamicLinks;
		};
		8E55AE252C887EC100360DA4 /* FirebaseFirestore */ = {
			isa = XCSwiftPackageProductDependency;
			package = 8E55AE102C887EC100360DA4 /* XCRemoteSwiftPackageReference "firebase-ios-sdk" */;
			productName = FirebaseFirestore;
		};
		8E55AE272C887EC100360DA4 /* FirebaseFirestoreCombine-Community */ = {
			isa = XCSwiftPackageProductDependency;
			package = 8E55AE102C887EC100360DA4 /* XCRemoteSwiftPackageReference "firebase-ios-sdk" */;
			productName = "FirebaseFirestoreCombine-Community";
		};
		8E55AE292C887EC100360DA4 /* FirebaseFunctions */ = {
			isa = XCSwiftPackageProductDependency;
			package = 8E55AE102C887EC100360DA4 /* XCRemoteSwiftPackageReference "firebase-ios-sdk" */;
			productName = FirebaseFunctions;
		};
		8E55AE2B2C887EC100360DA4 /* FirebaseFunctionsCombine-Community */ = {
			isa = XCSwiftPackageProductDependency;
			package = 8E55AE102C887EC100360DA4 /* XCRemoteSwiftPackageReference "firebase-ios-sdk" */;
			productName = "FirebaseFunctionsCombine-Community";
		};
		8E55AE2D2C887EC100360DA4 /* FirebaseInAppMessaging-Beta */ = {
			isa = XCSwiftPackageProductDependency;
			package = 8E55AE102C887EC100360DA4 /* XCRemoteSwiftPackageReference "firebase-ios-sdk" */;
			productName = "FirebaseInAppMessaging-Beta";
		};
		8E55AE2F2C887EC100360DA4 /* FirebaseInstallations */ = {
			isa = XCSwiftPackageProductDependency;
			package = 8E55AE102C887EC100360DA4 /* XCRemoteSwiftPackageReference "firebase-ios-sdk" */;
			productName = FirebaseInstallations;
		};
		8E55AE312C887EC100360DA4 /* FirebaseMLModelDownloader */ = {
			isa = XCSwiftPackageProductDependency;
			package = 8E55AE102C887EC100360DA4 /* XCRemoteSwiftPackageReference "firebase-ios-sdk" */;
			productName = FirebaseMLModelDownloader;
		};
		8E55AE332C887EC100360DA4 /* FirebaseMessaging */ = {
			isa = XCSwiftPackageProductDependency;
			package = 8E55AE102C887EC100360DA4 /* XCRemoteSwiftPackageReference "firebase-ios-sdk" */;
			productName = FirebaseMessaging;
		};
		8E55AE352C887EC100360DA4 /* FirebasePerformance */ = {
			isa = XCSwiftPackageProductDependency;
			package = 8E55AE102C887EC100360DA4 /* XCRemoteSwiftPackageReference "firebase-ios-sdk" */;
			productName = FirebasePerformance;
		};
		8E55AE372C887EC100360DA4 /* FirebaseRemoteConfig */ = {
			isa = XCSwiftPackageProductDependency;
			package = 8E55AE102C887EC100360DA4 /* XCRemoteSwiftPackageReference "firebase-ios-sdk" */;
			productName = FirebaseRemoteConfig;
		};
		8E55AE392C887EC100360DA4 /* FirebaseStorage */ = {
			isa = XCSwiftPackageProductDependency;
			package = 8E55AE102C887EC100360DA4 /* XCRemoteSwiftPackageReference "firebase-ios-sdk" */;
			productName = FirebaseStorage;
		};
		8E55AE3B2C887EC100360DA4 /* FirebaseStorageCombine-Community */ = {
			isa = XCSwiftPackageProductDependency;
			package = 8E55AE102C887EC100360DA4 /* XCRemoteSwiftPackageReference "firebase-ios-sdk" */;
			productName = "FirebaseStorageCombine-Community";
		};
		8E55AE3D2C887EC100360DA4 /* FirebaseVertexAI-Preview */ = {
			isa = XCSwiftPackageProductDependency;
			package = 8E55AE102C887EC100360DA4 /* XCRemoteSwiftPackageReference "firebase-ios-sdk" */;
			productName = "FirebaseVertexAI-Preview";
		};
/* End XCSwiftPackageProductDependency section */
	};
	rootObject = 8E55ADF52C887D9A00360DA4 /* Project object */;
}
